# THIS IS AN AUTOGENERATED FILE. DO NOT EDIT THIS FILE DIRECTLY.
# yarn lockfile v1


jshelperutils@^0.0.4:
  version "0.0.4"
  resolved "https://registry.yarnpkg.com/jshelperutils/-/jshelperutils-0.0.4.tgz#53e504bc1a0c4b2871642fab4b01079ff0faf04d"
  integrity sha512-sK93AtHxxhEq84MJRU5SUpjTPX1uPvWREcjRqwE9EeJCy1y/PklWryIaDgVgex6E8H3MEh/R0bpG4x2wmLNSTg==
